
Microsoft Visual Studio Solution File, Format Version 12.00
# Visual Studio Version 17
VisualStudioVersion = 17.13.35806.99 d17.13
MinimumVisualStudioVersion = 10.0.40219.1
Project("{FAE04EC0-301F-11D3-BF4B-00C04F79EFBC}") = "tjmodul5_2311104076", "tjmodul5_2311104076\tjmodul5_2311104076.csproj", "{893F2EB0-F29E-4BBC-A011-5A4A8567F902}"
EndProject
Global
	GlobalSection(SolutionConfigurationPlatforms) = preSolution
		Debug|Any CPU = Debug|Any CPU
		Release|Any CPU = Release|Any CPU
	EndGlobalSection
	GlobalSection(ProjectConfigurationPlatforms) = postSolution
		{893F2EB0-F29E-4BBC-A011-5A4A8567F902}.Debug|Any CPU.ActiveCfg = Debug|Any CPU
		{893F2EB0-F29E-4BBC-A011-5A4A8567F902}.Debug|Any CPU.Build.0 = Debug|Any CPU
		{893F2EB0-F29E-4BBC-A011-5A4A8567F902}.Release|Any CPU.ActiveCfg = Release|Any CPU
		{893F2EB0-F29E-4BBC-A011-5A4A8567F902}.Release|Any CPU.Build.0 = Release|Any CPU
	EndGlobalSection
	GlobalSection(SolutionProperties) = preSolution
		HideSolutionNode = FALSE
	EndGlobalSection
	GlobalSection(ExtensibilityGlobals) = postSolution
		SolutionGuid = {75D0129C-D61F-433D-AC19-030FA9FD088D}
	EndGlobalSection
EndGlobal
